
Microsoft Visual Studio Solution File, Format Version 12.00
# Visual Studio Version 16
VisualStudioVersion = 16.0.31702.278
MinimumVisualStudioVersion = 10.0.40219.1
Project("{9A19103F-16F7-4668-BE54-9A1E7A4F7556}") = "MyLab.RabbitTracing", "MyLab.RabbitTracing\MyLab.RabbitTracing.csproj", "{CE779064-3E2C-4969-B37C-2470ED1BC438}"
EndProject
Project("{FAE04EC0-301F-11D3-BF4B-00C04F79EFBC}") = "IntegrationTests", "IntegrationTests\IntegrationTests.csproj", "{5984A54F-4BC3-456E-878F-1B27CDE4B34F}"
EndProject
Global
	GlobalSection(SolutionConfigurationPlatforms) = preSolution
		Debug|Any CPU = Debug|Any CPU
		Release|Any CPU = Release|Any CPU
	EndGlobalSection
	GlobalSection(ProjectConfigurationPlatforms) = postSolution
		{CE779064-3E2C-4969-B37C-2470ED1BC438}.Debug|Any CPU.ActiveCfg = Debug|Any CPU
		{CE779064-3E2C-4969-B37C-2470ED1BC438}.Debug|Any CPU.Build.0 = Debug|Any CPU
		{CE779064-3E2C-4969-B37C-2470ED1BC438}.Release|Any CPU.ActiveCfg = Release|Any CPU
		{CE779064-3E2C-4969-B37C-2470ED1BC438}.Release|Any CPU.Build.0 = Release|Any CPU
		{5984A54F-4BC3-456E-878F-1B27CDE4B34F}.Debug|Any CPU.ActiveCfg = Debug|Any CPU
		{5984A54F-4BC3-456E-878F-1B27CDE4B34F}.Debug|Any CPU.Build.0 = Debug|Any CPU
		{5984A54F-4BC3-456E-878F-1B27CDE4B34F}.Release|Any CPU.ActiveCfg = Release|Any CPU
		{5984A54F-4BC3-456E-878F-1B27CDE4B34F}.Release|Any CPU.Build.0 = Release|Any CPU
	EndGlobalSection
	GlobalSection(SolutionProperties) = preSolution
		HideSolutionNode = FALSE
	EndGlobalSection
	GlobalSection(ExtensibilityGlobals) = postSolution
		SolutionGuid = {342282E4-904C-4CD3-8499-C36A7350F75D}
	EndGlobalSection
EndGlobal
